
Microsoft Visual Studio Solution File, Format Version 12.00
# Visual Studio 2013
VisualStudioVersion = 12.0.30501.0
MinimumVisualStudioVersion = 10.0.40219.1
Project("{FAE04EC0-301F-11D3-BF4B-00C04F79EFBC}") = "Problem 1. Exchange If Greater", "Conditional Statements\Problem 1. Exchange If Greater.csproj", "{AC903581-FE67-4036-BFC8-7C51D6D2A8D3}"
EndProject
Project("{FAE04EC0-301F-11D3-BF4B-00C04F79EFBC}") = "Problem 2. Bonus Score", "Problem 2. Bonus Score\Problem 2. Bonus Score.csproj", "{D0451F6C-EB3A-4FCD-99FE-B46BF2068CE3}"
EndProject
Project("{FAE04EC0-301F-11D3-BF4B-00C04F79EFBC}") = "Problem 3. Check for a Play Card", "Problem 3. Check for a Play Card\Problem 3. Check for a Play Card.csproj", "{4541CEE9-F4BE-482E-8F14-4CA633777A65}"
EndProject
Project("{FAE04EC0-301F-11D3-BF4B-00C04F79EFBC}") = "Problem 4. Multiplication Sign", "Problem 4. Multiplication Sign\Problem 4. Multiplication Sign.csproj", "{E485D311-0E33-4D07-A0ED-B6D85544D5A6}"
EndProject
Project("{FAE04EC0-301F-11D3-BF4B-00C04F79EFBC}") = "Problem 5. The Biggest of 3 Numbers", "Problem 5. The Biggest of 3 Numbers\Problem 5. The Biggest of 3 Numbers.csproj", "{9A902B92-A072-41E3-B1E6-E96160220CD9}"
EndProject
Project("{FAE04EC0-301F-11D3-BF4B-00C04F79EFBC}") = "Problem 6. The Biggest of Five Numbers", "Problem 6. The Biggest of Five Numbers\Problem 6. The Biggest of Five Numbers.csproj", "{1D1C2B2C-0C1A-4E3E-A368-2CD343459912}"
EndProject
Project("{FAE04EC0-301F-11D3-BF4B-00C04F79EFBC}") = "Problem 7. Sort 3 Numbers with Nested Ifs", "Problem 7. Sort 3 Numbers with Nested Ifs\Problem 7. Sort 3 Numbers with Nested Ifs.csproj", "{3C3AC010-46C7-48D1-B486-AC519C13A4D9}"
EndProject
Project("{FAE04EC0-301F-11D3-BF4B-00C04F79EFBC}") = "Problem 8. Digit as Word", "Problem 8. Digit as Word\Problem 8. Digit as Word.csproj", "{86B093B3-27A4-4AE5-B529-17385DBC5BFB}"
EndProject
Project("{FAE04EC0-301F-11D3-BF4B-00C04F79EFBC}") = "Problem 9. Play with Int, Double and String", "Problem 9. Play with Int, Double and String\Problem 9. Play with Int, Double and String.csproj", "{4E3F476C-BDFA-4C62-BA70-5A8E1F3BD25E}"
EndProject
Project("{FAE04EC0-301F-11D3-BF4B-00C04F79EFBC}") = "Problem 10. Beer Time", "Problem 10. Beer Time\Problem 10. Beer Time.csproj", "{2ED77F6D-07E6-4763-A74B-5B1031539B5B}"
EndProject
Project("{FAE04EC0-301F-11D3-BF4B-00C04F79EFBC}") = "NumbersAsWords", "NumbersAsWords\NumbersAsWords.csproj", "{3B4AAAF3-08A2-41FE-B259-A5199718F77A}"
EndProject
Project("{FAE04EC0-301F-11D3-BF4B-00C04F79EFBC}") = "ZeroSubset", "ZeroSubset\ZeroSubset.csproj", "{F962983E-16CE-42C7-B68C-8BA94794C059}"
EndProject
Global
	GlobalSection(SolutionConfigurationPlatforms) = preSolution
		Debug|Any CPU = Debug|Any CPU
		Release|Any CPU = Release|Any CPU
	EndGlobalSection
	GlobalSection(ProjectConfigurationPlatforms) = postSolution
		{AC903581-FE67-4036-BFC8-7C51D6D2A8D3}.Debug|Any CPU.ActiveCfg = Debug|Any CPU
		{AC903581-FE67-4036-BFC8-7C51D6D2A8D3}.Debug|Any CPU.Build.0 = Debug|Any CPU
		{AC903581-FE67-4036-BFC8-7C51D6D2A8D3}.Release|Any CPU.ActiveCfg = Release|Any CPU
		{AC903581-FE67-4036-BFC8-7C51D6D2A8D3}.Release|Any CPU.Build.0 = Release|Any CPU
		{D0451F6C-EB3A-4FCD-99FE-B46BF2068CE3}.Debug|Any CPU.ActiveCfg = Debug|Any CPU
		{D0451F6C-EB3A-4FCD-99FE-B46BF2068CE3}.Debug|Any CPU.Build.0 = Debug|Any CPU
		{D0451F6C-EB3A-4FCD-99FE-B46BF2068CE3}.Release|Any CPU.ActiveCfg = Release|Any CPU
		{D0451F6C-EB3A-4FCD-99FE-B46BF2068CE3}.Release|Any CPU.Build.0 = Release|Any CPU
		{4541CEE9-F4BE-482E-8F14-4CA633777A65}.Debug|Any CPU.ActiveCfg = Debug|Any CPU
		{4541CEE9-F4BE-482E-8F14-4CA633777A65}.Debug|Any CPU.Build.0 = Debug|Any CPU
		{4541CEE9-F4BE-482E-8F14-4CA633777A65}.Release|Any CPU.ActiveCfg = Release|Any CPU
		{4541CEE9-F4BE-482E-8F14-4CA633777A65}.Release|Any CPU.Build.0 = Release|Any CPU
		{E485D311-0E33-4D07-A0ED-B6D85544D5A6}.Debug|Any CPU.ActiveCfg = Debug|Any CPU
		{E485D311-0E33-4D07-A0ED-B6D85544D5A6}.Debug|Any CPU.Build.0 = Debug|Any CPU
		{E485D311-0E33-4D07-A0ED-B6D85544D5A6}.Release|Any CPU.ActiveCfg = Release|Any CPU
		{E485D311-0E33-4D07-A0ED-B6D85544D5A6}.Release|Any CPU.Build.0 = Release|Any CPU
		{9A902B92-A072-41E3-B1E6-E96160220CD9}.Debug|Any CPU.ActiveCfg = Debug|Any CPU
		{9A902B92-A072-41E3-B1E6-E96160220CD9}.Debug|Any CPU.Build.0 = Debug|Any CPU
		{9A902B92-A072-41E3-B1E6-E96160220CD9}.Release|Any CPU.ActiveCfg = Release|Any CPU
		{9A902B92-A072-41E3-B1E6-E96160220CD9}.Release|Any CPU.Build.0 = Release|Any CPU
		{1D1C2B2C-0C1A-4E3E-A368-2CD343459912}.Debug|Any CPU.ActiveCfg = Debug|Any CPU
		{1D1C2B2C-0C1A-4E3E-A368-2CD343459912}.Debug|Any CPU.Build.0 = Debug|Any CPU
		{1D1C2B2C-0C1A-4E3E-A368-2CD343459912}.Release|Any CPU.ActiveCfg = Release|Any CPU
		{1D1C2B2C-0C1A-4E3E-A368-2CD343459912}.Release|Any CPU.Build.0 = Release|Any CPU
		{3C3AC010-46C7-48D1-B486-AC519C13A4D9}.Debug|Any CPU.ActiveCfg = Debug|Any CPU
		{3C3AC010-46C7-48D1-B486-AC519C13A4D9}.Debug|Any CPU.Build.0 = Debug|Any CPU
		{3C3AC010-46C7-48D1-B486-AC519C13A4D9}.Release|Any CPU.ActiveCfg = Release|Any CPU
		{3C3AC010-46C7-48D1-B486-AC519C13A4D9}.Release|Any CPU.Build.0 = Release|Any CPU
		{86B093B3-27A4-4AE5-B529-17385DBC5BFB}.Debug|Any CPU.ActiveCfg = Debug|Any CPU
		{86B093B3-27A4-4AE5-B529-17385DBC5BFB}.Debug|Any CPU.Build.0 = Debug|Any CPU
		{86B093B3-27A4-4AE5-B529-17385DBC5BFB}.Release|Any CPU.ActiveCfg = Release|Any CPU
		{86B093B3-27A4-4AE5-B529-17385DBC5BFB}.Release|Any CPU.Build.0 = Release|Any CPU
		{4E3F476C-BDFA-4C62-BA70-5A8E1F3BD25E}.Debug|Any CPU.ActiveCfg = Debug|Any CPU
		{4E3F476C-BDFA-4C62-BA70-5A8E1F3BD25E}.Debug|Any CPU.Build.0 = Debug|Any CPU
		{4E3F476C-BDFA-4C62-BA70-5A8E1F3BD25E}.Release|Any CPU.ActiveCfg = Release|Any CPU
		{4E3F476C-BDFA-4C62-BA70-5A8E1F3BD25E}.Release|Any CPU.Build.0 = Release|Any CPU
		{2ED77F6D-07E6-4763-A74B-5B1031539B5B}.Debug|Any CPU.ActiveCfg = Debug|Any CPU
		{2ED77F6D-07E6-4763-A74B-5B1031539B5B}.Debug|Any CPU.Build.0 = Debug|Any CPU
		{2ED77F6D-07E6-4763-A74B-5B1031539B5B}.Release|Any CPU.ActiveCfg = Release|Any CPU
		{2ED77F6D-07E6-4763-A74B-5B1031539B5B}.Release|Any CPU.Build.0 = Release|Any CPU
		{3B4AAAF3-08A2-41FE-B259-A5199718F77A}.Debug|Any CPU.ActiveCfg = Debug|Any CPU
		{3B4AAAF3-08A2-41FE-B259-A5199718F77A}.Debug|Any CPU.Build.0 = Debug|Any CPU
		{3B4AAAF3-08A2-41FE-B259-A5199718F77A}.Release|Any CPU.ActiveCfg = Release|Any CPU
		{3B4AAAF3-08A2-41FE-B259-A5199718F77A}.Release|Any CPU.Build.0 = Release|Any CPU
		{F962983E-16CE-42C7-B68C-8BA94794C059}.Debug|Any CPU.ActiveCfg = Debug|Any CPU
		{F962983E-16CE-42C7-B68C-8BA94794C059}.Debug|Any CPU.Build.0 = Debug|Any CPU
		{F962983E-16CE-42C7-B68C-8BA94794C059}.Release|Any CPU.ActiveCfg = Release|Any CPU
		{F962983E-16CE-42C7-B68C-8BA94794C059}.Release|Any CPU.Build.0 = Release|Any CPU
	EndGlobalSection
	GlobalSection(SolutionProperties) = preSolution
		HideSolutionNode = FALSE
	EndGlobalSection
EndGlobal
