
Microsoft Visual Studio Solution File, Format Version 12.00
# Visual Studio 2013
VisualStudioVersion = 12.0.30501.0
MinimumVisualStudioVersion = 10.0.40219.1
Project("{FAE04EC0-301F-11D3-BF4B-00C04F79EFBC}") = "TaskConsoleInputOutput", "TaskConsoleInputOutput\TaskConsoleInputOutput.csproj", "{208F6F8B-06AD-4FE7-93FA-4F2B7EBB98DE}"
EndProject
Project("{FAE04EC0-301F-11D3-BF4B-00C04F79EFBC}") = "Print Company Information", "Print Company Information\Print Company Information.csproj", "{72CA8A87-27D7-4710-9FE4-B2A945E0B1AD}"
EndProject
Project("{FAE04EC0-301F-11D3-BF4B-00C04F79EFBC}") = "CircleAreaAndPerimeter", "CircleAreaAndPerimeter\CircleAreaAndPerimeter.csproj", "{BD81EDAB-FA47-4645-A013-C542C8C4DC62}"
EndProject
Project("{FAE04EC0-301F-11D3-BF4B-00C04F79EFBC}") = "Number Comparer", "Number Comparer\Number Comparer.csproj", "{CC3B1CC2-241B-43BF-A9D8-A27ED51BBB5D}"
EndProject
Project("{FAE04EC0-301F-11D3-BF4B-00C04F79EFBC}") = "Formatting Numbers", "Formatting Numbers\Formatting Numbers.csproj", "{C4B7C9E0-3FAE-45EC-9EBB-AEAE37863867}"
EndProject
Project("{FAE04EC0-301F-11D3-BF4B-00C04F79EFBC}") = "Quadratic Equation", "Quadratic Equation\Quadratic Equation.csproj", "{0744B46C-6278-4348-A066-E69D1826D130}"
EndProject
Project("{FAE04EC0-301F-11D3-BF4B-00C04F79EFBC}") = "Sum of 5 Numbers", "Sum of 5 Numbers\Sum of 5 Numbers.csproj", "{71DF3620-4451-43CA-AB11-407FC4511F6D}"
EndProject
Project("{FAE04EC0-301F-11D3-BF4B-00C04F79EFBC}") = "Numbers from 1 to n", "Numbers from 1 to n\Numbers from 1 to n.csproj", "{8D39A3CB-441E-4E12-A250-CF9073555B58}"
EndProject
Project("{FAE04EC0-301F-11D3-BF4B-00C04F79EFBC}") = "Sum of n Numbers", "Sum of n Numbers\Sum of n Numbers.csproj", "{85D418DB-93B0-4ACF-A769-EA8F8FF0ABCF}"
EndProject
Project("{FAE04EC0-301F-11D3-BF4B-00C04F79EFBC}") = "Fibonacci Numbers", "Fibonacci Numbers\Fibonacci Numbers.csproj", "{59433C32-BC13-4CA5-A0D0-E2FF25F06FB2}"
EndProject
Global
	GlobalSection(SolutionConfigurationPlatforms) = preSolution
		Debug|Any CPU = Debug|Any CPU
		Release|Any CPU = Release|Any CPU
	EndGlobalSection
	GlobalSection(ProjectConfigurationPlatforms) = postSolution
		{208F6F8B-06AD-4FE7-93FA-4F2B7EBB98DE}.Debug|Any CPU.ActiveCfg = Debug|Any CPU
		{208F6F8B-06AD-4FE7-93FA-4F2B7EBB98DE}.Debug|Any CPU.Build.0 = Debug|Any CPU
		{208F6F8B-06AD-4FE7-93FA-4F2B7EBB98DE}.Release|Any CPU.ActiveCfg = Release|Any CPU
		{208F6F8B-06AD-4FE7-93FA-4F2B7EBB98DE}.Release|Any CPU.Build.0 = Release|Any CPU
		{72CA8A87-27D7-4710-9FE4-B2A945E0B1AD}.Debug|Any CPU.ActiveCfg = Debug|Any CPU
		{72CA8A87-27D7-4710-9FE4-B2A945E0B1AD}.Debug|Any CPU.Build.0 = Debug|Any CPU
		{72CA8A87-27D7-4710-9FE4-B2A945E0B1AD}.Release|Any CPU.ActiveCfg = Release|Any CPU
		{72CA8A87-27D7-4710-9FE4-B2A945E0B1AD}.Release|Any CPU.Build.0 = Release|Any CPU
		{BD81EDAB-FA47-4645-A013-C542C8C4DC62}.Debug|Any CPU.ActiveCfg = Debug|Any CPU
		{BD81EDAB-FA47-4645-A013-C542C8C4DC62}.Debug|Any CPU.Build.0 = Debug|Any CPU
		{BD81EDAB-FA47-4645-A013-C542C8C4DC62}.Release|Any CPU.ActiveCfg = Release|Any CPU
		{BD81EDAB-FA47-4645-A013-C542C8C4DC62}.Release|Any CPU.Build.0 = Release|Any CPU
		{CC3B1CC2-241B-43BF-A9D8-A27ED51BBB5D}.Debug|Any CPU.ActiveCfg = Debug|Any CPU
		{CC3B1CC2-241B-43BF-A9D8-A27ED51BBB5D}.Debug|Any CPU.Build.0 = Debug|Any CPU
		{CC3B1CC2-241B-43BF-A9D8-A27ED51BBB5D}.Release|Any CPU.ActiveCfg = Release|Any CPU
		{CC3B1CC2-241B-43BF-A9D8-A27ED51BBB5D}.Release|Any CPU.Build.0 = Release|Any CPU
		{C4B7C9E0-3FAE-45EC-9EBB-AEAE37863867}.Debug|Any CPU.ActiveCfg = Debug|Any CPU
		{C4B7C9E0-3FAE-45EC-9EBB-AEAE37863867}.Debug|Any CPU.Build.0 = Debug|Any CPU
		{C4B7C9E0-3FAE-45EC-9EBB-AEAE37863867}.Release|Any CPU.ActiveCfg = Release|Any CPU
		{C4B7C9E0-3FAE-45EC-9EBB-AEAE37863867}.Release|Any CPU.Build.0 = Release|Any CPU
		{0744B46C-6278-4348-A066-E69D1826D130}.Debug|Any CPU.ActiveCfg = Debug|Any CPU
		{0744B46C-6278-4348-A066-E69D1826D130}.Debug|Any CPU.Build.0 = Debug|Any CPU
		{0744B46C-6278-4348-A066-E69D1826D130}.Release|Any CPU.ActiveCfg = Release|Any CPU
		{0744B46C-6278-4348-A066-E69D1826D130}.Release|Any CPU.Build.0 = Release|Any CPU
		{71DF3620-4451-43CA-AB11-407FC4511F6D}.Debug|Any CPU.ActiveCfg = Debug|Any CPU
		{71DF3620-4451-43CA-AB11-407FC4511F6D}.Debug|Any CPU.Build.0 = Debug|Any CPU
		{71DF3620-4451-43CA-AB11-407FC4511F6D}.Release|Any CPU.ActiveCfg = Release|Any CPU
		{71DF3620-4451-43CA-AB11-407FC4511F6D}.Release|Any CPU.Build.0 = Release|Any CPU
		{8D39A3CB-441E-4E12-A250-CF9073555B58}.Debug|Any CPU.ActiveCfg = Debug|Any CPU
		{8D39A3CB-441E-4E12-A250-CF9073555B58}.Debug|Any CPU.Build.0 = Debug|Any CPU
		{8D39A3CB-441E-4E12-A250-CF9073555B58}.Release|Any CPU.ActiveCfg = Release|Any CPU
		{8D39A3CB-441E-4E12-A250-CF9073555B58}.Release|Any CPU.Build.0 = Release|Any CPU
		{85D418DB-93B0-4ACF-A769-EA8F8FF0ABCF}.Debug|Any CPU.ActiveCfg = Debug|Any CPU
		{85D418DB-93B0-4ACF-A769-EA8F8FF0ABCF}.Debug|Any CPU.Build.0 = Debug|Any CPU
		{85D418DB-93B0-4ACF-A769-EA8F8FF0ABCF}.Release|Any CPU.ActiveCfg = Release|Any CPU
		{85D418DB-93B0-4ACF-A769-EA8F8FF0ABCF}.Release|Any CPU.Build.0 = Release|Any CPU
		{59433C32-BC13-4CA5-A0D0-E2FF25F06FB2}.Debug|Any CPU.ActiveCfg = Debug|Any CPU
		{59433C32-BC13-4CA5-A0D0-E2FF25F06FB2}.Debug|Any CPU.Build.0 = Debug|Any CPU
		{59433C32-BC13-4CA5-A0D0-E2FF25F06FB2}.Release|Any CPU.ActiveCfg = Release|Any CPU
		{59433C32-BC13-4CA5-A0D0-E2FF25F06FB2}.Release|Any CPU.Build.0 = Release|Any CPU
	EndGlobalSection
	GlobalSection(SolutionProperties) = preSolution
		HideSolutionNode = FALSE
	EndGlobalSection
EndGlobal
